{
  "name": "ejemplo1",
  "version": "1.0.0",
  "lockfileVersion": 2,
  "requires": true,
  "packages": {
    "": {
      "version": "1.0.0",
      "license": "ISC",
      "dependencies": {
        "mostache": "^1.2.0"
      }
    },
    "node_modules/mostache": {
      "version": "1.2.0",
      "resolved": "https://registry.npmjs.org/mostache/-/mostache-1.2.0.tgz",
      "integrity": "sha1-Q9x7oRmn7mj4dhlwAIkxOJwCXSI="
    }
  },
  "dependencies": {
    "mostache": {
      "version": "1.2.0",
      "resolved": "https://registry.npmjs.org/mostache/-/mostache-1.2.0.tgz",
      "integrity": "sha1-Q9x7oRmn7mj4dhlwAIkxOJwCXSI="
    }
  }
}
